
Microsoft Visual Studio Solution File, Format Version 12.00
# Visual Studio Version 16
VisualStudioVersion = 16.0.30804.86
MinimumVisualStudioVersion = 10.0.40219.1
Project("{FAE04EC0-301F-11D3-BF4B-00C04F79EFBC}") = "Delegates", "Delegates\Delegates.csproj", "{913F2657-68EE-4C62-A2F3-B88376AB78BE}"
EndProject
Project("{FAE04EC0-301F-11D3-BF4B-00C04F79EFBC}") = "Events", "Events\Events.csproj", "{CE0FD98D-E3D1-4BAE-A93F-46AFBB905EEF}"
EndProject
Global
	GlobalSection(SolutionConfigurationPlatforms) = preSolution
		Debug|Any CPU = Debug|Any CPU
		Release|Any CPU = Release|Any CPU
	EndGlobalSection
	GlobalSection(ProjectConfigurationPlatforms) = postSolution
		{913F2657-68EE-4C62-A2F3-B88376AB78BE}.Debug|Any CPU.ActiveCfg = Debug|Any CPU
		{913F2657-68EE-4C62-A2F3-B88376AB78BE}.Debug|Any CPU.Build.0 = Debug|Any CPU
		{913F2657-68EE-4C62-A2F3-B88376AB78BE}.Release|Any CPU.ActiveCfg = Release|Any CPU
		{913F2657-68EE-4C62-A2F3-B88376AB78BE}.Release|Any CPU.Build.0 = Release|Any CPU
		{CE0FD98D-E3D1-4BAE-A93F-46AFBB905EEF}.Debug|Any CPU.ActiveCfg = Debug|Any CPU
		{CE0FD98D-E3D1-4BAE-A93F-46AFBB905EEF}.Debug|Any CPU.Build.0 = Debug|Any CPU
		{CE0FD98D-E3D1-4BAE-A93F-46AFBB905EEF}.Release|Any CPU.ActiveCfg = Release|Any CPU
		{CE0FD98D-E3D1-4BAE-A93F-46AFBB905EEF}.Release|Any CPU.Build.0 = Release|Any CPU
	EndGlobalSection
	GlobalSection(SolutionProperties) = preSolution
		HideSolutionNode = FALSE
	EndGlobalSection
	GlobalSection(ExtensibilityGlobals) = postSolution
		SolutionGuid = {3EF1110F-25A2-44A8-85E1-D532014539FD}
	EndGlobalSection
EndGlobal
